{"1.2.0",
[{<<"argparse">>,
  {git,"https://github.com/max-au/argparse.git",
       {ref,"b68eaaf112c7afa3d494ec3f7ddf3b0ddcb6b5ae"}},
  0},
 {<<"base16">>,{pkg,<<"base16">>,<<"1.0.0">>},1},
 {<<"base64url">>,{pkg,<<"base64url">>,<<"0.0.1">>},1},
 {<<"cache_tab">>,
  {git,"https://github.com/processone/cache_tab",
       {ref,"f52d31970acb30c9e719730a0e2dec5a877a281b"}},
  0},
 {<<"cowboy">>,
  {git,"https://github.com/ninenines/cowboy",
       {ref,"137e86de7b94a85c0bae72fbc7848bb849a8ac0b"}},
  0},
 {<<"cowlib">>,
  {git,"https://github.com/ninenines/cowlib",
       {ref,"e9448e5628c8c1d9083223ff973af8de31a566d1"}},
  1},
 {<<"crc16">>,
  {git,"https://github.com/building39/crc16_nif",
       {ref,"de212cdfc702a5c3996e1e7b12659f84c633f54f"}},
  0},
 {<<"ecredis">>,
  {git,"git@github.com:HalloAppInc/ecredis.git",
       {ref,"c1428013703d5bea61e69f46014e28e93f4c40d1"}},
  0},
 {<<"ecredis_crc16">>,
  {git,"git@github.com:HalloAppInc/ecredis-crc16.git",
       {ref,"df3e2c32d5283d952ccf43be6dd8591f70636b7a"}},
  0},
 {<<"eimp">>,
  {git,"https://github.com/processone/eimp",
       {ref,"ee36c0db80d5ebec959443022430f2b5bd3ebdf6"}},
  0},
 {<<"eini">>,{pkg,<<"eini">>,<<"1.2.6">>},1},
 {<<"enacl">>,
  {git,"git@github.com:HalloAppInc/enacl.git",
       {ref,"987f353e07ddc68e7cd84e9c24ac6564f5db691b"}},
  0},
 {<<"enif_protobuf">>,
  {git,"git@github.com:HalloAppInc/enif_protobuf.git",
       {ref,"2bf1b2c8afd869fcb4ba9c17a9144d6e6c267fdc"}},
  0},
 {<<"enoise">>,
  {git,"git@github.com:HalloAppInc/halloapp_enoise.git",
       {ref,"27977ce232af01ed33737658b2840156969199d9"}},
  1},
 {<<"eredis">>,
  {git,"https://github.com/Nordix/eredis.git",
       {ref,"4001fe588ecf81c386a1f686411852a0944e150f"}},
  0},
 {<<"eredis_cluster">>,
  {git,"https://github.com/HalloAppInc/eredis_cluster",
       {ref,"5135def96bdbe7e9452e4291f68b7bad8d6e7dc1"}},
  0},
 {<<"erlcloud">>,
  {git,"git@github.com:HalloAppInc/halloapp-erlcloud.git",
       {ref,"524d3ceb5b1a2769790b5e8bf31ddeb220951478"}},
  0},
 {<<"erlcron">>,
  {git,"https://github.com/erlware/erlcron",
       {ref,"f145d44fb0f9d15b0a0e88d2513fb3bb20de5db2"}},
  0},
 {<<"erlydtl">>,
  {git,"git@github.com:erlydtl/erlydtl.git",
       {ref,"c1f3df8379b09894d333de4e9a3ca2f3e260cba3"}},
  0},
 {<<"ezlib">>,
  {git,"https://github.com/processone/ezlib",
       {ref,"e9ded4975b0e9fdbf0195f7ebce857031e8958d8"}},
  1},
 {<<"fast_tls">>,
  {git,"https://github.com/processone/fast_tls",
       {ref,"0cab240b0f314550a8497509b236d4aeae504b0c"}},
  0},
 {<<"fast_xml">>,
  {git,"https://github.com/processone/fast_xml",
       {ref,"968f314674bdd503d3fd30870ba88c0e5f1bc0d6"}},
  0},
 {<<"fast_yaml">>,
  {git,"https://github.com/processone/fast_yaml",
       {ref,"997b7364b5c7d9da1cb7b35c42787b1faedd556c"}},
  0},
 {<<"goldrush">>,{pkg,<<"goldrush">>,<<"0.1.9">>},1},
 {<<"google_oauth">>,
  {git,"https://github.com/HalloAppInc/google_oauth_erlang",
       {ref,"489246754581b5ca49819b6fa8bdfea665e66152"}},
  0},
 {<<"gpb">>,
  {git,"git@github.com:HalloAppInc/gpb.git",
       {ref,"cf752f5b076d2ea438a5bc89d367d2cbe98bc8be"}},
  0},
 {<<"gun">>,
  {git,"https://github.com/ninenines/gun",
       {ref,"d1d02a0ebc1a5d9852b7fe5216ac4ce628fb1744"}},
  0},
 {<<"ha_enoise">>,
  {git,"git@github.com:HalloAppInc/ha_enoise.git",
       {ref,"1b344682722a2c27134fd6ac8e1e62648d371612"}},
  0},
 {<<"hkdf">>,
  {git,"https://github.com/schnef/hkdf",
       {ref,"07bd1b38894bd5b97e6008ed1726044148c70142"}},
  0},
 {<<"iso8601">>,
  {git,"https://github.com/erlsci/iso8601.git",
       {ref,"fdb0fd12d729c53f4ae6f8c2f893fd6698b8b10e"}},
  0},
 {<<"jiffy">>,
  {git,"git@github.com:HalloAppInc/jiffy.git",
       {ref,"da5267e739743b2b06be87494ac875ded70f1230"}},
  0},
 {<<"jose">>,
  {git,"https://github.com/potatosalad/erlang-jose",
       {ref,"c7aad59f78e16659ea9aaa8953303275c4949eef"}},
  0},
 {<<"jsone">>,{pkg,<<"jsone">>,<<"1.4.6">>},1},
 {<<"jsx">>,{pkg,<<"jsx">>,<<"2.9.0">>},1},
 {<<"lager">>,
  {git,"https://github.com/erlang-lager/lager",
       {ref,"4ffdf0dbef53304bc0e958a00776bf0650de8c8b"}},
  0},
 {<<"lhttpc">>,{pkg,<<"lhttpc">>,<<"1.6.2">>},1},
 {<<"locus">>,
  {git,"https://github.com/g-andrade/locus",
       {ref,"1e89db4518da5c3ea6e9e995143370e5c7ee9477"}},
  0},
 {<<"p1_utils">>,
  {git,"https://github.com/processone/p1_utils",
       {ref,"dbc31d643a7b739ebb06ffd17430c87d30bc2d06"}},
  0},
 {<<"pkix">>,
  {git,"https://github.com/processone/pkix",
       {ref,"c204ea8dfd20473c866da0cb85691a1f77ef0bb8"}},
  0},
 {<<"poolboy">>,
  {git,"https://github.com/devinus/poolboy.git",
       {ref,"29be47db8c2be38b18c908e43a80ebb7b9b6116b"}},
  1},
 {<<"prometheus">>,
  {git,"https://github.com/HalloAppInc/prometheus.erl",
       {ref,"3e6befb7d187b47cabe8a425b7ccd1719439c022"}},
  0},
 {<<"ranch">>,
  {git,"https://github.com/ninenines/ranch",
       {ref,"a692f44567034dacf5efcaa24a24183788594eb7"}},
  1},
 {<<"raven_erlang">>,
  {git,"git@github.com:HalloAppInc/ha_raven-erlang.git",
       {ref,"d88cc6fb8efaff3ceb7af647a70f6eefb8c8851e"}},
  0},
 {<<"ssl_verify_fun">>,{pkg,<<"ssl_verify_fun">>,<<"1.1.6">>},2},
 {<<"stringprep">>,
  {git,"https://github.com/processone/stringprep",
       {ref,"b0d677fa6cf0cbeb723c9ad7a6a1e6900ae27462"}},
  0},
 {<<"supervisor3">>,
  {git,"https://github.com/klarna/supervisor3",
       {ref,"05c242eab8c433258196e673764485b958449748"}},
  0},
 {<<"tls_certificate_check">>,{pkg,<<"tls_certificate_check">>,<<"1.9.0">>},1},
 {<<"uuid">>,
  {git,"git@github.com:HalloAppInc/halloapp-erlang-uuid.git",
       {ref,"cb02a2039a9b29dd2eef0446039c9c6e164df9ef"}},
  0},
 {<<"worker_pool">>,
  {git,"https://github.com/inaka/worker_pool",
       {ref,"d11750321cade5b4aa516447d9063453a159a7eb"}},
  0},
 {<<"xmpp">>,
  {git,"git@github.com:HalloAppInc/halloapp-xmpp.git",
       {ref,"0f135bb91f9832c0ad53591fc4060f21282e4d7b"}},
  0},
 {<<"yconf">>,
  {git,"https://github.com/processone/yconf",
       {ref,"ac96fc6ee5ea899b7a5293be0cbdd970b6e993fe"}},
  0}]}.
[
{pkg_hash,[
 {<<"base16">>, <<"283644E2B21BD5915ACB7178BED7851FB07C6E5749B8FAD68A53C501092176D9">>},
 {<<"base64url">>, <<"36A90125F5948E3AFD7BE97662A1504B934DD5DAC78451CA6E9ABF85A10286BE">>},
 {<<"eini">>, <<"DFFA48476FD89FB6E41CEEA0ADFA1BC6E7862CCD6584417442F8BB37E5D34715">>},
 {<<"goldrush">>, <<"F06E5D5F1277DA5C413E84D5A2924174182FB108DABB39D5EC548B27424CD106">>},
 {<<"jsone">>, <<"644D6D57BEFB22C8E19B324DEE19D73B1C004565009861A8F64C68B7B9E64DBF">>},
 {<<"jsx">>, <<"D2F6E5F069C00266CAD52FB15D87C428579EA4D7D73A33669E12679E203329DD">>},
 {<<"lhttpc">>, <<"044F16F0018C7AA7E945E9E9406C7F6035E0B8BC08BF77B00C78CE260E1071E3">>},
 {<<"ssl_verify_fun">>, <<"CF344F5692C82D2CD7554F5EC8FD961548D4FD09E7D22F5B62482E5AEAEBD4B0">>},
 {<<"tls_certificate_check">>, <<"F777BF8013DB787947A83A3C7BC62B8ADE146994FAD7B4CACD67817807B5E2E9">>}]},
{pkg_hash_ext,[
 {<<"base16">>, <<"02AFD0827E61A7B07093873E063575CA3A2B07520567C7F8CEC7C5D42F052D76">>},
 {<<"base64url">>, <<"FAB09B20E3F5DB886725544CBCF875B8E73EC93363954EB8A1A9ED834AA8C1F9">>},
 {<<"eini">>, <<"B8CBBE4BCA4E2EE1A4C13787DC8E0B17A2511034421DF167668442BD448A18DF">>},
 {<<"goldrush">>, <<"99CB4128CFFCB3227581E5D4D803D5413FA643F4EB96523F77D9E6937D994CEB">>},
 {<<"jsone">>, <<"78EEE8BB38F0BEE2E73673D71BC75FC6FB01F56F0D23E769A26EEE3655487A38">>},
 {<<"jsx">>, <<"8EE1DB1CABAFDD578A2776A6AAAE87C2A8CE54B47B59E9EC7DAB5D7EB71CD8DC">>},
 {<<"lhttpc">>, <<"76B5FA6149D1E10D4B1FBC4EBD51D371DB19C1AB9F0A9ECF5B526440DF064E97">>},
 {<<"ssl_verify_fun">>, <<"BDB0D2471F453C88FF3908E7686F86F9BE327D065CC1EC16FA4540197EA04680">>},
 {<<"tls_certificate_check">>, <<"27B9B98D783076C80AEAE691E79FDC9CFED248C12F4262666B6011F3E2423C34">>}]}
].
